
Microsoft Visual Studio Solution File, Format Version 12.00
# Visual Studio Version 16
VisualStudioVersion = 16.0.29215.179
MinimumVisualStudioVersion = 10.0.40219.1
Project("{9A19103F-16F7-4668-BE54-9A1E7A4F7556}") = "Crud.Infrastructure", "Crud.Infrastructure\Crud.Infrastructure.csproj", "{F4E8A821-E96B-45CA-B451-5C3551391B8C}"
EndProject
Project("{9A19103F-16F7-4668-BE54-9A1E7A4F7556}") = "Crud.Domain", "Crud.Domain\Crud.Domain.csproj", "{D816B2C5-68B5-443B-A4BF-76B82169E4E9}"
EndProject
Project("{2150E333-8FDC-42A3-9474-1A3956D46DE8}") = "Crud.Application", "Crud.Application", "{96A67F9D-58AB-4556-BAEB-6B852B10D538}"
EndProject
Project("{9A19103F-16F7-4668-BE54-9A1E7A4F7556}") = "Crud.API", "Crud.API\Crud.API.csproj", "{C8FE8200-FC76-45F0-AC07-649729C6B2F8}"
EndProject
Project("{9A19103F-16F7-4668-BE54-9A1E7A4F7556}") = "Crud.API.Test", "Crud.API.Test\Crud.API.Test.csproj", "{AA1684EB-BC7C-46B6-B2A6-439FF954205E}"
EndProject
Project("{2150E333-8FDC-42A3-9474-1A3956D46DE8}") = "Solution Items", "Solution Items", "{924C91B4-9C12-4F02-8CCB-6399940C9E82}"
	ProjectSection(SolutionItems) = preProject
		.editorconfig = .editorconfig
		.gitignore = .gitignore
		LICENSE = LICENSE
		README.md = README.md
	EndProjectSection
EndProject
Global
	GlobalSection(SolutionConfigurationPlatforms) = preSolution
		Debug|Any CPU = Debug|Any CPU
		Release|Any CPU = Release|Any CPU
	EndGlobalSection
	GlobalSection(ProjectConfigurationPlatforms) = postSolution
		{F4E8A821-E96B-45CA-B451-5C3551391B8C}.Debug|Any CPU.ActiveCfg = Debug|Any CPU
		{F4E8A821-E96B-45CA-B451-5C3551391B8C}.Debug|Any CPU.Build.0 = Debug|Any CPU
		{F4E8A821-E96B-45CA-B451-5C3551391B8C}.Release|Any CPU.ActiveCfg = Release|Any CPU
		{F4E8A821-E96B-45CA-B451-5C3551391B8C}.Release|Any CPU.Build.0 = Release|Any CPU
		{D816B2C5-68B5-443B-A4BF-76B82169E4E9}.Debug|Any CPU.ActiveCfg = Debug|Any CPU
		{D816B2C5-68B5-443B-A4BF-76B82169E4E9}.Debug|Any CPU.Build.0 = Debug|Any CPU
		{D816B2C5-68B5-443B-A4BF-76B82169E4E9}.Release|Any CPU.ActiveCfg = Release|Any CPU
		{D816B2C5-68B5-443B-A4BF-76B82169E4E9}.Release|Any CPU.Build.0 = Release|Any CPU
		{C8FE8200-FC76-45F0-AC07-649729C6B2F8}.Debug|Any CPU.ActiveCfg = Debug|Any CPU
		{C8FE8200-FC76-45F0-AC07-649729C6B2F8}.Debug|Any CPU.Build.0 = Debug|Any CPU
		{C8FE8200-FC76-45F0-AC07-649729C6B2F8}.Release|Any CPU.ActiveCfg = Release|Any CPU
		{C8FE8200-FC76-45F0-AC07-649729C6B2F8}.Release|Any CPU.Build.0 = Release|Any CPU
		{AA1684EB-BC7C-46B6-B2A6-439FF954205E}.Debug|Any CPU.ActiveCfg = Debug|Any CPU
		{AA1684EB-BC7C-46B6-B2A6-439FF954205E}.Debug|Any CPU.Build.0 = Debug|Any CPU
		{AA1684EB-BC7C-46B6-B2A6-439FF954205E}.Release|Any CPU.ActiveCfg = Release|Any CPU
		{AA1684EB-BC7C-46B6-B2A6-439FF954205E}.Release|Any CPU.Build.0 = Release|Any CPU
	EndGlobalSection
	GlobalSection(SolutionProperties) = preSolution
		HideSolutionNode = FALSE
	EndGlobalSection
	GlobalSection(NestedProjects) = preSolution
		{C8FE8200-FC76-45F0-AC07-649729C6B2F8} = {96A67F9D-58AB-4556-BAEB-6B852B10D538}
		{AA1684EB-BC7C-46B6-B2A6-439FF954205E} = {96A67F9D-58AB-4556-BAEB-6B852B10D538}
	EndGlobalSection
	GlobalSection(ExtensibilityGlobals) = postSolution
		SolutionGuid = {B8F1084A-AAE7-455E-8CC3-B24B8C159FF0}
	EndGlobalSection
EndGlobal
